
Microsoft Visual Studio Solution File, Format Version 12.00
# Visual Studio Version 16
VisualStudioVersion = 16.0.29215.179
MinimumVisualStudioVersion = 10.0.40219.1
Project("{9A19103F-16F7-4668-BE54-9A1E7A4F7556}") = "EuroCodeCalculator", "EuroCodeCalculator\EuroCodeCalculator.csproj", "{D7C54F58-EEF7-4CC1-941D-10ED60F345F7}"
EndProject
Project("{9A19103F-16F7-4668-BE54-9A1E7A4F7556}") = "TabeleEC2", "TabeleEC2\TabeleEC2.csproj", "{25BFA438-AA52-4477-8689-0850C3F75E05}"
EndProject
Project("{9A19103F-16F7-4668-BE54-9A1E7A4F7556}") = "VGGS_Calculator", "VGGS_Calculator\VGGS_Calculator.csproj", "{26467102-9BE7-488E-A5C0-8D4EA47CFE8D}"
EndProject
Project("{2150E333-8FDC-42A3-9474-1A3956D46DE8}") = "Tests", "Tests", "{226150FA-BBAC-4749-94B9-B1937070946C}"
EndProject
Project("{9A19103F-16F7-4668-BE54-9A1E7A4F7556}") = "CalculatorEC2LogicTest", "CalculatorEC2LogicTest\CalculatorEC2LogicTest.csproj", "{0AD161EE-2A68-4678-AFFC-F9D6C3B64F91}"
EndProject
Project("{FAE04EC0-301F-11D3-BF4B-00C04F79EFBC}") = "TabeleEC2.Test", "Test\TabeleEC2.Test\TabeleEC2.Test.csproj", "{B46B7968-3548-4659-B1D0-2E70B8124B8A}"
EndProject
Project("{9A19103F-16F7-4668-BE54-9A1E7A4F7556}") = "CalculatorEC2Logic", "CalculatorEC2Logic\CalculatorEC2Logic.csproj", "{28C7CD5D-4D61-4242-B3CD-142D1276D9B9}"
EndProject
Project("{FAE04EC0-301F-11D3-BF4B-00C04F79EFBC}") = "TestingCharts", "TestingCharts\TestingCharts.csproj", "{69E7DE73-D34F-487B-84BA-7C8BDAF8495C}"
EndProject
Project("{9A19103F-16F7-4668-BE54-9A1E7A4F7556}") = "CreckingENCalc", "..\CreckingENCalc\CreckingENCalc\CreckingENCalc.csproj", "{346FD858-632D-43EA-9819-F4DB8C70339D}"
EndProject
Project("{9A19103F-16F7-4668-BE54-9A1E7A4F7556}") = "CalcModels", "CalcModels\CalcModels.csproj", "{59A00222-FFCC-4CAB-9A46-824FDD2F4DCE}"
EndProject
Project("{9A19103F-16F7-4668-BE54-9A1E7A4F7556}") = "CreckingCalcENTest", "CreckingCalcENTest\CreckingCalcENTest.csproj", "{25510784-D58D-4BC1-BC02-5A5C42BA769F}"
EndProject
Project("{FAE04EC0-301F-11D3-BF4B-00C04F79EFBC}") = "InterDiagRCSection", "InterDiagRCSection\InterDiagRCSection.csproj", "{A042D258-79A9-4A06-BCDB-CA3F71F92BFD}"
EndProject
Global
	GlobalSection(SolutionConfigurationPlatforms) = preSolution
		Debug|Any CPU = Debug|Any CPU
		Debug|ARM = Debug|ARM
		Debug|x64 = Debug|x64
		Debug|x86 = Debug|x86
		Release|Any CPU = Release|Any CPU
		Release|ARM = Release|ARM
		Release|x64 = Release|x64
		Release|x86 = Release|x86
	EndGlobalSection
	GlobalSection(ProjectConfigurationPlatforms) = postSolution
		{D7C54F58-EEF7-4CC1-941D-10ED60F345F7}.Debug|Any CPU.ActiveCfg = Debug|Any CPU
		{D7C54F58-EEF7-4CC1-941D-10ED60F345F7}.Debug|Any CPU.Build.0 = Debug|Any CPU
		{D7C54F58-EEF7-4CC1-941D-10ED60F345F7}.Debug|ARM.ActiveCfg = Debug|Any CPU
		{D7C54F58-EEF7-4CC1-941D-10ED60F345F7}.Debug|ARM.Build.0 = Debug|Any CPU
		{D7C54F58-EEF7-4CC1-941D-10ED60F345F7}.Debug|x64.ActiveCfg = Debug|Any CPU
		{D7C54F58-EEF7-4CC1-941D-10ED60F345F7}.Debug|x64.Build.0 = Debug|Any CPU
		{D7C54F58-EEF7-4CC1-941D-10ED60F345F7}.Debug|x86.ActiveCfg = Debug|Any CPU
		{D7C54F58-EEF7-4CC1-941D-10ED60F345F7}.Debug|x86.Build.0 = Debug|Any CPU
		{D7C54F58-EEF7-4CC1-941D-10ED60F345F7}.Release|Any CPU.ActiveCfg = Release|Any CPU
		{D7C54F58-EEF7-4CC1-941D-10ED60F345F7}.Release|Any CPU.Build.0 = Release|Any CPU
		{D7C54F58-EEF7-4CC1-941D-10ED60F345F7}.Release|ARM.ActiveCfg = Release|Any CPU
		{D7C54F58-EEF7-4CC1-941D-10ED60F345F7}.Release|ARM.Build.0 = Release|Any CPU
		{D7C54F58-EEF7-4CC1-941D-10ED60F345F7}.Release|x64.ActiveCfg = Release|Any CPU
		{D7C54F58-EEF7-4CC1-941D-10ED60F345F7}.Release|x64.Build.0 = Release|Any CPU
		{D7C54F58-EEF7-4CC1-941D-10ED60F345F7}.Release|x86.ActiveCfg = Release|Any CPU
		{D7C54F58-EEF7-4CC1-941D-10ED60F345F7}.Release|x86.Build.0 = Release|Any CPU
		{25BFA438-AA52-4477-8689-0850C3F75E05}.Debug|Any CPU.ActiveCfg = Debug|Any CPU
		{25BFA438-AA52-4477-8689-0850C3F75E05}.Debug|Any CPU.Build.0 = Debug|Any CPU
		{25BFA438-AA52-4477-8689-0850C3F75E05}.Debug|ARM.ActiveCfg = Debug|Any CPU
		{25BFA438-AA52-4477-8689-0850C3F75E05}.Debug|ARM.Build.0 = Debug|Any CPU
		{25BFA438-AA52-4477-8689-0850C3F75E05}.Debug|x64.ActiveCfg = Debug|Any CPU
		{25BFA438-AA52-4477-8689-0850C3F75E05}.Debug|x64.Build.0 = Debug|Any CPU
		{25BFA438-AA52-4477-8689-0850C3F75E05}.Debug|x86.ActiveCfg = Debug|Any CPU
		{25BFA438-AA52-4477-8689-0850C3F75E05}.Debug|x86.Build.0 = Debug|Any CPU
		{25BFA438-AA52-4477-8689-0850C3F75E05}.Release|Any CPU.ActiveCfg = Release|Any CPU
		{25BFA438-AA52-4477-8689-0850C3F75E05}.Release|Any CPU.Build.0 = Release|Any CPU
		{25BFA438-AA52-4477-8689-0850C3F75E05}.Release|ARM.ActiveCfg = Release|Any CPU
		{25BFA438-AA52-4477-8689-0850C3F75E05}.Release|ARM.Build.0 = Release|Any CPU
		{25BFA438-AA52-4477-8689-0850C3F75E05}.Release|x64.ActiveCfg = Release|Any CPU
		{25BFA438-AA52-4477-8689-0850C3F75E05}.Release|x64.Build.0 = Release|Any CPU
		{25BFA438-AA52-4477-8689-0850C3F75E05}.Release|x86.ActiveCfg = Release|Any CPU
		{25BFA438-AA52-4477-8689-0850C3F75E05}.Release|x86.Build.0 = Release|Any CPU
		{26467102-9BE7-488E-A5C0-8D4EA47CFE8D}.Debug|Any CPU.ActiveCfg = Debug|Any CPU
		{26467102-9BE7-488E-A5C0-8D4EA47CFE8D}.Debug|Any CPU.Build.0 = Debug|Any CPU
		{26467102-9BE7-488E-A5C0-8D4EA47CFE8D}.Debug|ARM.ActiveCfg = Debug|Any CPU
		{26467102-9BE7-488E-A5C0-8D4EA47CFE8D}.Debug|ARM.Build.0 = Debug|Any CPU
		{26467102-9BE7-488E-A5C0-8D4EA47CFE8D}.Debug|x64.ActiveCfg = Debug|Any CPU
		{26467102-9BE7-488E-A5C0-8D4EA47CFE8D}.Debug|x64.Build.0 = Debug|Any CPU
		{26467102-9BE7-488E-A5C0-8D4EA47CFE8D}.Debug|x86.ActiveCfg = Debug|Any CPU
		{26467102-9BE7-488E-A5C0-8D4EA47CFE8D}.Debug|x86.Build.0 = Debug|Any CPU
		{26467102-9BE7-488E-A5C0-8D4EA47CFE8D}.Release|Any CPU.ActiveCfg = Release|Any CPU
		{26467102-9BE7-488E-A5C0-8D4EA47CFE8D}.Release|Any CPU.Build.0 = Release|Any CPU
		{26467102-9BE7-488E-A5C0-8D4EA47CFE8D}.Release|ARM.ActiveCfg = Release|Any CPU
		{26467102-9BE7-488E-A5C0-8D4EA47CFE8D}.Release|ARM.Build.0 = Release|Any CPU
		{26467102-9BE7-488E-A5C0-8D4EA47CFE8D}.Release|x64.ActiveCfg = Release|Any CPU
		{26467102-9BE7-488E-A5C0-8D4EA47CFE8D}.Release|x64.Build.0 = Release|Any CPU
		{26467102-9BE7-488E-A5C0-8D4EA47CFE8D}.Release|x86.ActiveCfg = Release|Any CPU
		{26467102-9BE7-488E-A5C0-8D4EA47CFE8D}.Release|x86.Build.0 = Release|Any CPU
		{0AD161EE-2A68-4678-AFFC-F9D6C3B64F91}.Debug|Any CPU.ActiveCfg = Debug|Any CPU
		{0AD161EE-2A68-4678-AFFC-F9D6C3B64F91}.Debug|Any CPU.Build.0 = Debug|Any CPU
		{0AD161EE-2A68-4678-AFFC-F9D6C3B64F91}.Debug|ARM.ActiveCfg = Debug|Any CPU
		{0AD161EE-2A68-4678-AFFC-F9D6C3B64F91}.Debug|ARM.Build.0 = Debug|Any CPU
		{0AD161EE-2A68-4678-AFFC-F9D6C3B64F91}.Debug|x64.ActiveCfg = Debug|Any CPU
		{0AD161EE-2A68-4678-AFFC-F9D6C3B64F91}.Debug|x64.Build.0 = Debug|Any CPU
		{0AD161EE-2A68-4678-AFFC-F9D6C3B64F91}.Debug|x86.ActiveCfg = Debug|Any CPU
		{0AD161EE-2A68-4678-AFFC-F9D6C3B64F91}.Debug|x86.Build.0 = Debug|Any CPU
		{0AD161EE-2A68-4678-AFFC-F9D6C3B64F91}.Release|Any CPU.ActiveCfg = Release|Any CPU
		{0AD161EE-2A68-4678-AFFC-F9D6C3B64F91}.Release|Any CPU.Build.0 = Release|Any CPU
		{0AD161EE-2A68-4678-AFFC-F9D6C3B64F91}.Release|ARM.ActiveCfg = Release|Any CPU
		{0AD161EE-2A68-4678-AFFC-F9D6C3B64F91}.Release|ARM.Build.0 = Release|Any CPU
		{0AD161EE-2A68-4678-AFFC-F9D6C3B64F91}.Release|x64.ActiveCfg = Release|Any CPU
		{0AD161EE-2A68-4678-AFFC-F9D6C3B64F91}.Release|x64.Build.0 = Release|Any CPU
		{0AD161EE-2A68-4678-AFFC-F9D6C3B64F91}.Release|x86.ActiveCfg = Release|Any CPU
		{0AD161EE-2A68-4678-AFFC-F9D6C3B64F91}.Release|x86.Build.0 = Release|Any CPU
		{B46B7968-3548-4659-B1D0-2E70B8124B8A}.Debug|Any CPU.ActiveCfg = Debug|Any CPU
		{B46B7968-3548-4659-B1D0-2E70B8124B8A}.Debug|Any CPU.Build.0 = Debug|Any CPU
		{B46B7968-3548-4659-B1D0-2E70B8124B8A}.Debug|ARM.ActiveCfg = Debug|Any CPU
		{B46B7968-3548-4659-B1D0-2E70B8124B8A}.Debug|ARM.Build.0 = Debug|Any CPU
		{B46B7968-3548-4659-B1D0-2E70B8124B8A}.Debug|x64.ActiveCfg = Debug|Any CPU
		{B46B7968-3548-4659-B1D0-2E70B8124B8A}.Debug|x64.Build.0 = Debug|Any CPU
		{B46B7968-3548-4659-B1D0-2E70B8124B8A}.Debug|x86.ActiveCfg = Debug|Any CPU
		{B46B7968-3548-4659-B1D0-2E70B8124B8A}.Debug|x86.Build.0 = Debug|Any CPU
		{B46B7968-3548-4659-B1D0-2E70B8124B8A}.Release|Any CPU.ActiveCfg = Release|Any CPU
		{B46B7968-3548-4659-B1D0-2E70B8124B8A}.Release|Any CPU.Build.0 = Release|Any CPU
		{B46B7968-3548-4659-B1D0-2E70B8124B8A}.Release|ARM.ActiveCfg = Release|Any CPU
		{B46B7968-3548-4659-B1D0-2E70B8124B8A}.Release|ARM.Build.0 = Release|Any CPU
		{B46B7968-3548-4659-B1D0-2E70B8124B8A}.Release|x64.ActiveCfg = Release|Any CPU
		{B46B7968-3548-4659-B1D0-2E70B8124B8A}.Release|x64.Build.0 = Release|Any CPU
		{B46B7968-3548-4659-B1D0-2E70B8124B8A}.Release|x86.ActiveCfg = Release|Any CPU
		{B46B7968-3548-4659-B1D0-2E70B8124B8A}.Release|x86.Build.0 = Release|Any CPU
		{28C7CD5D-4D61-4242-B3CD-142D1276D9B9}.Debug|Any CPU.ActiveCfg = Debug|Any CPU
		{28C7CD5D-4D61-4242-B3CD-142D1276D9B9}.Debug|Any CPU.Build.0 = Debug|Any CPU
		{28C7CD5D-4D61-4242-B3CD-142D1276D9B9}.Debug|ARM.ActiveCfg = Debug|Any CPU
		{28C7CD5D-4D61-4242-B3CD-142D1276D9B9}.Debug|ARM.Build.0 = Debug|Any CPU
		{28C7CD5D-4D61-4242-B3CD-142D1276D9B9}.Debug|x64.ActiveCfg = Debug|Any CPU
		{28C7CD5D-4D61-4242-B3CD-142D1276D9B9}.Debug|x64.Build.0 = Debug|Any CPU
		{28C7CD5D-4D61-4242-B3CD-142D1276D9B9}.Debug|x86.ActiveCfg = Debug|Any CPU
		{28C7CD5D-4D61-4242-B3CD-142D1276D9B9}.Debug|x86.Build.0 = Debug|Any CPU
		{28C7CD5D-4D61-4242-B3CD-142D1276D9B9}.Release|Any CPU.ActiveCfg = Release|Any CPU
		{28C7CD5D-4D61-4242-B3CD-142D1276D9B9}.Release|Any CPU.Build.0 = Release|Any CPU
		{28C7CD5D-4D61-4242-B3CD-142D1276D9B9}.Release|ARM.ActiveCfg = Release|Any CPU
		{28C7CD5D-4D61-4242-B3CD-142D1276D9B9}.Release|ARM.Build.0 = Release|Any CPU
		{28C7CD5D-4D61-4242-B3CD-142D1276D9B9}.Release|x64.ActiveCfg = Release|Any CPU
		{28C7CD5D-4D61-4242-B3CD-142D1276D9B9}.Release|x64.Build.0 = Release|Any CPU
		{28C7CD5D-4D61-4242-B3CD-142D1276D9B9}.Release|x86.ActiveCfg = Release|Any CPU
		{28C7CD5D-4D61-4242-B3CD-142D1276D9B9}.Release|x86.Build.0 = Release|Any CPU
		{69E7DE73-D34F-487B-84BA-7C8BDAF8495C}.Debug|Any CPU.ActiveCfg = Debug|Any CPU
		{69E7DE73-D34F-487B-84BA-7C8BDAF8495C}.Debug|Any CPU.Build.0 = Debug|Any CPU
		{69E7DE73-D34F-487B-84BA-7C8BDAF8495C}.Debug|ARM.ActiveCfg = Debug|Any CPU
		{69E7DE73-D34F-487B-84BA-7C8BDAF8495C}.Debug|ARM.Build.0 = Debug|Any CPU
		{69E7DE73-D34F-487B-84BA-7C8BDAF8495C}.Debug|x64.ActiveCfg = Debug|Any CPU
		{69E7DE73-D34F-487B-84BA-7C8BDAF8495C}.Debug|x64.Build.0 = Debug|Any CPU
		{69E7DE73-D34F-487B-84BA-7C8BDAF8495C}.Debug|x86.ActiveCfg = Debug|Any CPU
		{69E7DE73-D34F-487B-84BA-7C8BDAF8495C}.Debug|x86.Build.0 = Debug|Any CPU
		{69E7DE73-D34F-487B-84BA-7C8BDAF8495C}.Release|Any CPU.ActiveCfg = Release|Any CPU
		{69E7DE73-D34F-487B-84BA-7C8BDAF8495C}.Release|Any CPU.Build.0 = Release|Any CPU
		{69E7DE73-D34F-487B-84BA-7C8BDAF8495C}.Release|ARM.ActiveCfg = Release|Any CPU
		{69E7DE73-D34F-487B-84BA-7C8BDAF8495C}.Release|ARM.Build.0 = Release|Any CPU
		{69E7DE73-D34F-487B-84BA-7C8BDAF8495C}.Release|x64.ActiveCfg = Release|Any CPU
		{69E7DE73-D34F-487B-84BA-7C8BDAF8495C}.Release|x64.Build.0 = Release|Any CPU
		{69E7DE73-D34F-487B-84BA-7C8BDAF8495C}.Release|x86.ActiveCfg = Release|Any CPU
		{69E7DE73-D34F-487B-84BA-7C8BDAF8495C}.Release|x86.Build.0 = Release|Any CPU
		{346FD858-632D-43EA-9819-F4DB8C70339D}.Debug|Any CPU.ActiveCfg = Debug|Any CPU
		{346FD858-632D-43EA-9819-F4DB8C70339D}.Debug|Any CPU.Build.0 = Debug|Any CPU
		{346FD858-632D-43EA-9819-F4DB8C70339D}.Debug|ARM.ActiveCfg = Debug|Any CPU
		{346FD858-632D-43EA-9819-F4DB8C70339D}.Debug|ARM.Build.0 = Debug|Any CPU
		{346FD858-632D-43EA-9819-F4DB8C70339D}.Debug|x64.ActiveCfg = Debug|Any CPU
		{346FD858-632D-43EA-9819-F4DB8C70339D}.Debug|x64.Build.0 = Debug|Any CPU
		{346FD858-632D-43EA-9819-F4DB8C70339D}.Debug|x86.ActiveCfg = Debug|Any CPU
		{346FD858-632D-43EA-9819-F4DB8C70339D}.Debug|x86.Build.0 = Debug|Any CPU
		{346FD858-632D-43EA-9819-F4DB8C70339D}.Release|Any CPU.ActiveCfg = Release|Any CPU
		{346FD858-632D-43EA-9819-F4DB8C70339D}.Release|Any CPU.Build.0 = Release|Any CPU
		{346FD858-632D-43EA-9819-F4DB8C70339D}.Release|ARM.ActiveCfg = Release|Any CPU
		{346FD858-632D-43EA-9819-F4DB8C70339D}.Release|ARM.Build.0 = Release|Any CPU
		{346FD858-632D-43EA-9819-F4DB8C70339D}.Release|x64.ActiveCfg = Release|Any CPU
		{346FD858-632D-43EA-9819-F4DB8C70339D}.Release|x64.Build.0 = Release|Any CPU
		{346FD858-632D-43EA-9819-F4DB8C70339D}.Release|x86.ActiveCfg = Release|Any CPU
		{346FD858-632D-43EA-9819-F4DB8C70339D}.Release|x86.Build.0 = Release|Any CPU
		{59A00222-FFCC-4CAB-9A46-824FDD2F4DCE}.Debug|Any CPU.ActiveCfg = Debug|Any CPU
		{59A00222-FFCC-4CAB-9A46-824FDD2F4DCE}.Debug|Any CPU.Build.0 = Debug|Any CPU
		{59A00222-FFCC-4CAB-9A46-824FDD2F4DCE}.Debug|ARM.ActiveCfg = Debug|Any CPU
		{59A00222-FFCC-4CAB-9A46-824FDD2F4DCE}.Debug|ARM.Build.0 = Debug|Any CPU
		{59A00222-FFCC-4CAB-9A46-824FDD2F4DCE}.Debug|x64.ActiveCfg = Debug|Any CPU
		{59A00222-FFCC-4CAB-9A46-824FDD2F4DCE}.Debug|x64.Build.0 = Debug|Any CPU
		{59A00222-FFCC-4CAB-9A46-824FDD2F4DCE}.Debug|x86.ActiveCfg = Debug|Any CPU
		{59A00222-FFCC-4CAB-9A46-824FDD2F4DCE}.Debug|x86.Build.0 = Debug|Any CPU
		{59A00222-FFCC-4CAB-9A46-824FDD2F4DCE}.Release|Any CPU.ActiveCfg = Release|Any CPU
		{59A00222-FFCC-4CAB-9A46-824FDD2F4DCE}.Release|Any CPU.Build.0 = Release|Any CPU
		{59A00222-FFCC-4CAB-9A46-824FDD2F4DCE}.Release|ARM.ActiveCfg = Release|Any CPU
		{59A00222-FFCC-4CAB-9A46-824FDD2F4DCE}.Release|ARM.Build.0 = Release|Any CPU
		{59A00222-FFCC-4CAB-9A46-824FDD2F4DCE}.Release|x64.ActiveCfg = Release|Any CPU
		{59A00222-FFCC-4CAB-9A46-824FDD2F4DCE}.Release|x64.Build.0 = Release|Any CPU
		{59A00222-FFCC-4CAB-9A46-824FDD2F4DCE}.Release|x86.ActiveCfg = Release|Any CPU
		{59A00222-FFCC-4CAB-9A46-824FDD2F4DCE}.Release|x86.Build.0 = Release|Any CPU
		{25510784-D58D-4BC1-BC02-5A5C42BA769F}.Debug|Any CPU.ActiveCfg = Debug|Any CPU
		{25510784-D58D-4BC1-BC02-5A5C42BA769F}.Debug|Any CPU.Build.0 = Debug|Any CPU
		{25510784-D58D-4BC1-BC02-5A5C42BA769F}.Debug|ARM.ActiveCfg = Debug|Any CPU
		{25510784-D58D-4BC1-BC02-5A5C42BA769F}.Debug|ARM.Build.0 = Debug|Any CPU
		{25510784-D58D-4BC1-BC02-5A5C42BA769F}.Debug|x64.ActiveCfg = Debug|Any CPU
		{25510784-D58D-4BC1-BC02-5A5C42BA769F}.Debug|x64.Build.0 = Debug|Any CPU
		{25510784-D58D-4BC1-BC02-5A5C42BA769F}.Debug|x86.ActiveCfg = Debug|Any CPU
		{25510784-D58D-4BC1-BC02-5A5C42BA769F}.Debug|x86.Build.0 = Debug|Any CPU
		{25510784-D58D-4BC1-BC02-5A5C42BA769F}.Release|Any CPU.ActiveCfg = Release|Any CPU
		{25510784-D58D-4BC1-BC02-5A5C42BA769F}.Release|Any CPU.Build.0 = Release|Any CPU
		{25510784-D58D-4BC1-BC02-5A5C42BA769F}.Release|ARM.ActiveCfg = Release|Any CPU
		{25510784-D58D-4BC1-BC02-5A5C42BA769F}.Release|ARM.Build.0 = Release|Any CPU
		{25510784-D58D-4BC1-BC02-5A5C42BA769F}.Release|x64.ActiveCfg = Release|Any CPU
		{25510784-D58D-4BC1-BC02-5A5C42BA769F}.Release|x64.Build.0 = Release|Any CPU
		{25510784-D58D-4BC1-BC02-5A5C42BA769F}.Release|x86.ActiveCfg = Release|Any CPU
		{25510784-D58D-4BC1-BC02-5A5C42BA769F}.Release|x86.Build.0 = Release|Any CPU
		{A042D258-79A9-4A06-BCDB-CA3F71F92BFD}.Debug|Any CPU.ActiveCfg = Debug|Any CPU
		{A042D258-79A9-4A06-BCDB-CA3F71F92BFD}.Debug|Any CPU.Build.0 = Debug|Any CPU
		{A042D258-79A9-4A06-BCDB-CA3F71F92BFD}.Debug|ARM.ActiveCfg = Debug|Any CPU
		{A042D258-79A9-4A06-BCDB-CA3F71F92BFD}.Debug|ARM.Build.0 = Debug|Any CPU
		{A042D258-79A9-4A06-BCDB-CA3F71F92BFD}.Debug|x64.ActiveCfg = Debug|Any CPU
		{A042D258-79A9-4A06-BCDB-CA3F71F92BFD}.Debug|x64.Build.0 = Debug|Any CPU
		{A042D258-79A9-4A06-BCDB-CA3F71F92BFD}.Debug|x86.ActiveCfg = Debug|Any CPU
		{A042D258-79A9-4A06-BCDB-CA3F71F92BFD}.Debug|x86.Build.0 = Debug|Any CPU
		{A042D258-79A9-4A06-BCDB-CA3F71F92BFD}.Release|Any CPU.ActiveCfg = Release|Any CPU
		{A042D258-79A9-4A06-BCDB-CA3F71F92BFD}.Release|Any CPU.Build.0 = Release|Any CPU
		{A042D258-79A9-4A06-BCDB-CA3F71F92BFD}.Release|ARM.ActiveCfg = Release|Any CPU
		{A042D258-79A9-4A06-BCDB-CA3F71F92BFD}.Release|ARM.Build.0 = Release|Any CPU
		{A042D258-79A9-4A06-BCDB-CA3F71F92BFD}.Release|x64.ActiveCfg = Release|Any CPU
		{A042D258-79A9-4A06-BCDB-CA3F71F92BFD}.Release|x64.Build.0 = Release|Any CPU
		{A042D258-79A9-4A06-BCDB-CA3F71F92BFD}.Release|x86.ActiveCfg = Release|Any CPU
		{A042D258-79A9-4A06-BCDB-CA3F71F92BFD}.Release|x86.Build.0 = Release|Any CPU
	EndGlobalSection
	GlobalSection(SolutionProperties) = preSolution
		HideSolutionNode = FALSE
	EndGlobalSection
	GlobalSection(NestedProjects) = preSolution
		{0AD161EE-2A68-4678-AFFC-F9D6C3B64F91} = {226150FA-BBAC-4749-94B9-B1937070946C}
		{B46B7968-3548-4659-B1D0-2E70B8124B8A} = {226150FA-BBAC-4749-94B9-B1937070946C}
		{25510784-D58D-4BC1-BC02-5A5C42BA769F} = {226150FA-BBAC-4749-94B9-B1937070946C}
	EndGlobalSection
	GlobalSection(ExtensibilityGlobals) = postSolution
		SolutionGuid = {70D9512E-6D96-4940-A5C9-CFDDCC02B364}
	EndGlobalSection
EndGlobal
