
Microsoft Visual Studio Solution File, Format Version 12.00
# Visual Studio 15
VisualStudioVersion = 15.0.27130.2010
MinimumVisualStudioVersion = 10.0.40219.1
Project("{9A19103F-16F7-4668-BE54-9A1E7A4F7556}") = "EuroCodeCalculator", "EuroCodeCalculator\EuroCodeCalculator.csproj", "{D7C54F58-EEF7-4CC1-941D-10ED60F345F7}"
EndProject
Project("{9A19103F-16F7-4668-BE54-9A1E7A4F7556}") = "CalculatorEC2Logic", "UINGN_VitkostEC2\CalculatorEC2Logic.csproj", "{951A2DB1-BEE5-4A0D-A3D3-6228EB4A97CC}"
EndProject
Project("{9A19103F-16F7-4668-BE54-9A1E7A4F7556}") = "TabeleEC2", "TabeleEC2\TabeleEC2.csproj", "{25BFA438-AA52-4477-8689-0850C3F75E05}"
EndProject
Project("{FAE04EC0-301F-11D3-BF4B-00C04F79EFBC}") = "VitkostUWP", "VitkostUWP\VitkostUWP.csproj", "{4EA2C9FF-07EE-43D2-A805-0F0CA8AB5710}"
EndProject
Project("{FAE04EC0-301F-11D3-BF4B-00C04F79EFBC}") = "TransversalReinf_EC2", "TransversalReinf_EC2\TransversalReinf_EC2.csproj", "{6568C15D-0600-495F-859D-769B284E9E03}"
EndProject
Project("{9A19103F-16F7-4668-BE54-9A1E7A4F7556}") = "VGGS_Calculator", "VGGS_Calculator\VGGS_Calculator.csproj", "{26467102-9BE7-488E-A5C0-8D4EA47CFE8D}"
EndProject
Project("{2150E333-8FDC-42A3-9474-1A3956D46DE8}") = "Tests", "Tests", "{226150FA-BBAC-4749-94B9-B1937070946C}"
EndProject
Project("{9A19103F-16F7-4668-BE54-9A1E7A4F7556}") = "CalculatorEC2LogicTest", "CalculatorEC2LogicTest\CalculatorEC2LogicTest.csproj", "{0AD161EE-2A68-4678-AFFC-F9D6C3B64F91}"
EndProject
Project("{FAE04EC0-301F-11D3-BF4B-00C04F79EFBC}") = "TabeleEC2.Test", "Test\TabeleEC2.Test\TabeleEC2.Test.csproj", "{B46B7968-3548-4659-B1D0-2E70B8124B8A}"
EndProject
Project("{FAE04EC0-301F-11D3-BF4B-00C04F79EFBC}") = "TestingCharts", "TestingCharts\TestingCharts.csproj", "{69E7DE73-D34F-487B-84BA-7C8BDAF8495C}"
EndProject
Project("{FAE04EC0-301F-11D3-BF4B-00C04F79EFBC}") = "VGGSCalculatorEN1992", "VGGSCalculatorEN1992\VGGSCalculatorEN1992.csproj", "{37FE7141-C510-41E9-A6E5-3431241A9028}"
EndProject
Project("{FAE04EC0-301F-11D3-BF4B-00C04F79EFBC}") = "ProjectBuilderWPF", "ProjectBuilderWPF\ProjectBuilderWPF.csproj", "{1A690604-0601-43A1-B9D9-50C03D4FBF08}"
EndProject
Global
	GlobalSection(SolutionConfigurationPlatforms) = preSolution
		Debug|Any CPU = Debug|Any CPU
		Debug|ARM = Debug|ARM
		Debug|x64 = Debug|x64
		Debug|x86 = Debug|x86
		Release|Any CPU = Release|Any CPU
		Release|ARM = Release|ARM
		Release|x64 = Release|x64
		Release|x86 = Release|x86
	EndGlobalSection
	GlobalSection(ProjectConfigurationPlatforms) = postSolution
		{D7C54F58-EEF7-4CC1-941D-10ED60F345F7}.Debug|Any CPU.ActiveCfg = Debug|Any CPU
		{D7C54F58-EEF7-4CC1-941D-10ED60F345F7}.Debug|Any CPU.Build.0 = Debug|Any CPU
		{D7C54F58-EEF7-4CC1-941D-10ED60F345F7}.Debug|ARM.ActiveCfg = Debug|Any CPU
		{D7C54F58-EEF7-4CC1-941D-10ED60F345F7}.Debug|ARM.Build.0 = Debug|Any CPU
		{D7C54F58-EEF7-4CC1-941D-10ED60F345F7}.Debug|x64.ActiveCfg = Debug|Any CPU
		{D7C54F58-EEF7-4CC1-941D-10ED60F345F7}.Debug|x64.Build.0 = Debug|Any CPU
		{D7C54F58-EEF7-4CC1-941D-10ED60F345F7}.Debug|x86.ActiveCfg = Debug|Any CPU
		{D7C54F58-EEF7-4CC1-941D-10ED60F345F7}.Debug|x86.Build.0 = Debug|Any CPU
		{D7C54F58-EEF7-4CC1-941D-10ED60F345F7}.Release|Any CPU.ActiveCfg = Release|Any CPU
		{D7C54F58-EEF7-4CC1-941D-10ED60F345F7}.Release|Any CPU.Build.0 = Release|Any CPU
		{D7C54F58-EEF7-4CC1-941D-10ED60F345F7}.Release|ARM.ActiveCfg = Release|Any CPU
		{D7C54F58-EEF7-4CC1-941D-10ED60F345F7}.Release|ARM.Build.0 = Release|Any CPU
		{D7C54F58-EEF7-4CC1-941D-10ED60F345F7}.Release|x64.ActiveCfg = Release|Any CPU
		{D7C54F58-EEF7-4CC1-941D-10ED60F345F7}.Release|x64.Build.0 = Release|Any CPU
		{D7C54F58-EEF7-4CC1-941D-10ED60F345F7}.Release|x86.ActiveCfg = Release|Any CPU
		{D7C54F58-EEF7-4CC1-941D-10ED60F345F7}.Release|x86.Build.0 = Release|Any CPU
		{951A2DB1-BEE5-4A0D-A3D3-6228EB4A97CC}.Debug|Any CPU.ActiveCfg = Debug|Any CPU
		{951A2DB1-BEE5-4A0D-A3D3-6228EB4A97CC}.Debug|Any CPU.Build.0 = Debug|Any CPU
		{951A2DB1-BEE5-4A0D-A3D3-6228EB4A97CC}.Debug|ARM.ActiveCfg = Debug|Any CPU
		{951A2DB1-BEE5-4A0D-A3D3-6228EB4A97CC}.Debug|ARM.Build.0 = Debug|Any CPU
		{951A2DB1-BEE5-4A0D-A3D3-6228EB4A97CC}.Debug|x64.ActiveCfg = Debug|Any CPU
		{951A2DB1-BEE5-4A0D-A3D3-6228EB4A97CC}.Debug|x64.Build.0 = Debug|Any CPU
		{951A2DB1-BEE5-4A0D-A3D3-6228EB4A97CC}.Debug|x86.ActiveCfg = Debug|Any CPU
		{951A2DB1-BEE5-4A0D-A3D3-6228EB4A97CC}.Debug|x86.Build.0 = Debug|Any CPU
		{951A2DB1-BEE5-4A0D-A3D3-6228EB4A97CC}.Release|Any CPU.ActiveCfg = Release|Any CPU
		{951A2DB1-BEE5-4A0D-A3D3-6228EB4A97CC}.Release|Any CPU.Build.0 = Release|Any CPU
		{951A2DB1-BEE5-4A0D-A3D3-6228EB4A97CC}.Release|ARM.ActiveCfg = Release|Any CPU
		{951A2DB1-BEE5-4A0D-A3D3-6228EB4A97CC}.Release|ARM.Build.0 = Release|Any CPU
		{951A2DB1-BEE5-4A0D-A3D3-6228EB4A97CC}.Release|x64.ActiveCfg = Release|Any CPU
		{951A2DB1-BEE5-4A0D-A3D3-6228EB4A97CC}.Release|x64.Build.0 = Release|Any CPU
		{951A2DB1-BEE5-4A0D-A3D3-6228EB4A97CC}.Release|x86.ActiveCfg = Release|Any CPU
		{951A2DB1-BEE5-4A0D-A3D3-6228EB4A97CC}.Release|x86.Build.0 = Release|Any CPU
		{25BFA438-AA52-4477-8689-0850C3F75E05}.Debug|Any CPU.ActiveCfg = Debug|Any CPU
		{25BFA438-AA52-4477-8689-0850C3F75E05}.Debug|Any CPU.Build.0 = Debug|Any CPU
		{25BFA438-AA52-4477-8689-0850C3F75E05}.Debug|ARM.ActiveCfg = Debug|Any CPU
		{25BFA438-AA52-4477-8689-0850C3F75E05}.Debug|ARM.Build.0 = Debug|Any CPU
		{25BFA438-AA52-4477-8689-0850C3F75E05}.Debug|x64.ActiveCfg = Debug|Any CPU
		{25BFA438-AA52-4477-8689-0850C3F75E05}.Debug|x64.Build.0 = Debug|Any CPU
		{25BFA438-AA52-4477-8689-0850C3F75E05}.Debug|x86.ActiveCfg = Debug|Any CPU
		{25BFA438-AA52-4477-8689-0850C3F75E05}.Debug|x86.Build.0 = Debug|Any CPU
		{25BFA438-AA52-4477-8689-0850C3F75E05}.Release|Any CPU.ActiveCfg = Release|Any CPU
		{25BFA438-AA52-4477-8689-0850C3F75E05}.Release|Any CPU.Build.0 = Release|Any CPU
		{25BFA438-AA52-4477-8689-0850C3F75E05}.Release|ARM.ActiveCfg = Release|Any CPU
		{25BFA438-AA52-4477-8689-0850C3F75E05}.Release|ARM.Build.0 = Release|Any CPU
		{25BFA438-AA52-4477-8689-0850C3F75E05}.Release|x64.ActiveCfg = Release|Any CPU
		{25BFA438-AA52-4477-8689-0850C3F75E05}.Release|x64.Build.0 = Release|Any CPU
		{25BFA438-AA52-4477-8689-0850C3F75E05}.Release|x86.ActiveCfg = Release|Any CPU
		{25BFA438-AA52-4477-8689-0850C3F75E05}.Release|x86.Build.0 = Release|Any CPU
		{4EA2C9FF-07EE-43D2-A805-0F0CA8AB5710}.Debug|Any CPU.ActiveCfg = Debug|x86
		{4EA2C9FF-07EE-43D2-A805-0F0CA8AB5710}.Debug|Any CPU.Build.0 = Debug|x86
		{4EA2C9FF-07EE-43D2-A805-0F0CA8AB5710}.Debug|Any CPU.Deploy.0 = Debug|x86
		{4EA2C9FF-07EE-43D2-A805-0F0CA8AB5710}.Debug|ARM.ActiveCfg = Debug|ARM
		{4EA2C9FF-07EE-43D2-A805-0F0CA8AB5710}.Debug|ARM.Build.0 = Debug|ARM
		{4EA2C9FF-07EE-43D2-A805-0F0CA8AB5710}.Debug|ARM.Deploy.0 = Debug|ARM
		{4EA2C9FF-07EE-43D2-A805-0F0CA8AB5710}.Debug|x64.ActiveCfg = Debug|x64
		{4EA2C9FF-07EE-43D2-A805-0F0CA8AB5710}.Debug|x64.Build.0 = Debug|x64
		{4EA2C9FF-07EE-43D2-A805-0F0CA8AB5710}.Debug|x64.Deploy.0 = Debug|x64
		{4EA2C9FF-07EE-43D2-A805-0F0CA8AB5710}.Debug|x86.ActiveCfg = Debug|x86
		{4EA2C9FF-07EE-43D2-A805-0F0CA8AB5710}.Debug|x86.Build.0 = Debug|x86
		{4EA2C9FF-07EE-43D2-A805-0F0CA8AB5710}.Debug|x86.Deploy.0 = Debug|x86
		{4EA2C9FF-07EE-43D2-A805-0F0CA8AB5710}.Release|Any CPU.ActiveCfg = Release|x86
		{4EA2C9FF-07EE-43D2-A805-0F0CA8AB5710}.Release|ARM.ActiveCfg = Release|ARM
		{4EA2C9FF-07EE-43D2-A805-0F0CA8AB5710}.Release|ARM.Build.0 = Release|ARM
		{4EA2C9FF-07EE-43D2-A805-0F0CA8AB5710}.Release|ARM.Deploy.0 = Release|ARM
		{4EA2C9FF-07EE-43D2-A805-0F0CA8AB5710}.Release|x64.ActiveCfg = Release|x64
		{4EA2C9FF-07EE-43D2-A805-0F0CA8AB5710}.Release|x64.Build.0 = Release|x64
		{4EA2C9FF-07EE-43D2-A805-0F0CA8AB5710}.Release|x64.Deploy.0 = Release|x64
		{4EA2C9FF-07EE-43D2-A805-0F0CA8AB5710}.Release|x86.ActiveCfg = Release|x86
		{4EA2C9FF-07EE-43D2-A805-0F0CA8AB5710}.Release|x86.Build.0 = Release|x86
		{4EA2C9FF-07EE-43D2-A805-0F0CA8AB5710}.Release|x86.Deploy.0 = Release|x86
		{6568C15D-0600-495F-859D-769B284E9E03}.Debug|Any CPU.ActiveCfg = Debug|x86
		{6568C15D-0600-495F-859D-769B284E9E03}.Debug|Any CPU.Build.0 = Debug|x86
		{6568C15D-0600-495F-859D-769B284E9E03}.Debug|Any CPU.Deploy.0 = Debug|x86
		{6568C15D-0600-495F-859D-769B284E9E03}.Debug|ARM.ActiveCfg = Debug|ARM
		{6568C15D-0600-495F-859D-769B284E9E03}.Debug|ARM.Build.0 = Debug|ARM
		{6568C15D-0600-495F-859D-769B284E9E03}.Debug|ARM.Deploy.0 = Debug|ARM
		{6568C15D-0600-495F-859D-769B284E9E03}.Debug|x64.ActiveCfg = Debug|x64
		{6568C15D-0600-495F-859D-769B284E9E03}.Debug|x64.Build.0 = Debug|x64
		{6568C15D-0600-495F-859D-769B284E9E03}.Debug|x64.Deploy.0 = Debug|x64
		{6568C15D-0600-495F-859D-769B284E9E03}.Debug|x86.ActiveCfg = Debug|x86
		{6568C15D-0600-495F-859D-769B284E9E03}.Debug|x86.Build.0 = Debug|x86
		{6568C15D-0600-495F-859D-769B284E9E03}.Debug|x86.Deploy.0 = Debug|x86
		{6568C15D-0600-495F-859D-769B284E9E03}.Release|Any CPU.ActiveCfg = Release|x86
		{6568C15D-0600-495F-859D-769B284E9E03}.Release|ARM.ActiveCfg = Release|ARM
		{6568C15D-0600-495F-859D-769B284E9E03}.Release|ARM.Build.0 = Release|ARM
		{6568C15D-0600-495F-859D-769B284E9E03}.Release|ARM.Deploy.0 = Release|ARM
		{6568C15D-0600-495F-859D-769B284E9E03}.Release|x64.ActiveCfg = Release|x64
		{6568C15D-0600-495F-859D-769B284E9E03}.Release|x64.Build.0 = Release|x64
		{6568C15D-0600-495F-859D-769B284E9E03}.Release|x64.Deploy.0 = Release|x64
		{6568C15D-0600-495F-859D-769B284E9E03}.Release|x86.ActiveCfg = Release|x86
		{6568C15D-0600-495F-859D-769B284E9E03}.Release|x86.Build.0 = Release|x86
		{6568C15D-0600-495F-859D-769B284E9E03}.Release|x86.Deploy.0 = Release|x86
		{26467102-9BE7-488E-A5C0-8D4EA47CFE8D}.Debug|Any CPU.ActiveCfg = Debug|Any CPU
		{26467102-9BE7-488E-A5C0-8D4EA47CFE8D}.Debug|Any CPU.Build.0 = Debug|Any CPU
		{26467102-9BE7-488E-A5C0-8D4EA47CFE8D}.Debug|ARM.ActiveCfg = Debug|Any CPU
		{26467102-9BE7-488E-A5C0-8D4EA47CFE8D}.Debug|ARM.Build.0 = Debug|Any CPU
		{26467102-9BE7-488E-A5C0-8D4EA47CFE8D}.Debug|x64.ActiveCfg = Debug|Any CPU
		{26467102-9BE7-488E-A5C0-8D4EA47CFE8D}.Debug|x64.Build.0 = Debug|Any CPU
		{26467102-9BE7-488E-A5C0-8D4EA47CFE8D}.Debug|x86.ActiveCfg = Debug|Any CPU
		{26467102-9BE7-488E-A5C0-8D4EA47CFE8D}.Debug|x86.Build.0 = Debug|Any CPU
		{26467102-9BE7-488E-A5C0-8D4EA47CFE8D}.Release|Any CPU.ActiveCfg = Release|Any CPU
		{26467102-9BE7-488E-A5C0-8D4EA47CFE8D}.Release|Any CPU.Build.0 = Release|Any CPU
		{26467102-9BE7-488E-A5C0-8D4EA47CFE8D}.Release|ARM.ActiveCfg = Release|Any CPU
		{26467102-9BE7-488E-A5C0-8D4EA47CFE8D}.Release|ARM.Build.0 = Release|Any CPU
		{26467102-9BE7-488E-A5C0-8D4EA47CFE8D}.Release|x64.ActiveCfg = Release|Any CPU
		{26467102-9BE7-488E-A5C0-8D4EA47CFE8D}.Release|x64.Build.0 = Release|Any CPU
		{26467102-9BE7-488E-A5C0-8D4EA47CFE8D}.Release|x86.ActiveCfg = Release|Any CPU
		{26467102-9BE7-488E-A5C0-8D4EA47CFE8D}.Release|x86.Build.0 = Release|Any CPU
		{0AD161EE-2A68-4678-AFFC-F9D6C3B64F91}.Debug|Any CPU.ActiveCfg = Debug|Any CPU
		{0AD161EE-2A68-4678-AFFC-F9D6C3B64F91}.Debug|Any CPU.Build.0 = Debug|Any CPU
		{0AD161EE-2A68-4678-AFFC-F9D6C3B64F91}.Debug|ARM.ActiveCfg = Debug|Any CPU
		{0AD161EE-2A68-4678-AFFC-F9D6C3B64F91}.Debug|ARM.Build.0 = Debug|Any CPU
		{0AD161EE-2A68-4678-AFFC-F9D6C3B64F91}.Debug|x64.ActiveCfg = Debug|Any CPU
		{0AD161EE-2A68-4678-AFFC-F9D6C3B64F91}.Debug|x64.Build.0 = Debug|Any CPU
		{0AD161EE-2A68-4678-AFFC-F9D6C3B64F91}.Debug|x86.ActiveCfg = Debug|Any CPU
		{0AD161EE-2A68-4678-AFFC-F9D6C3B64F91}.Debug|x86.Build.0 = Debug|Any CPU
		{0AD161EE-2A68-4678-AFFC-F9D6C3B64F91}.Release|Any CPU.ActiveCfg = Release|Any CPU
		{0AD161EE-2A68-4678-AFFC-F9D6C3B64F91}.Release|Any CPU.Build.0 = Release|Any CPU
		{0AD161EE-2A68-4678-AFFC-F9D6C3B64F91}.Release|ARM.ActiveCfg = Release|Any CPU
		{0AD161EE-2A68-4678-AFFC-F9D6C3B64F91}.Release|ARM.Build.0 = Release|Any CPU
		{0AD161EE-2A68-4678-AFFC-F9D6C3B64F91}.Release|x64.ActiveCfg = Release|Any CPU
		{0AD161EE-2A68-4678-AFFC-F9D6C3B64F91}.Release|x64.Build.0 = Release|Any CPU
		{0AD161EE-2A68-4678-AFFC-F9D6C3B64F91}.Release|x86.ActiveCfg = Release|Any CPU
		{0AD161EE-2A68-4678-AFFC-F9D6C3B64F91}.Release|x86.Build.0 = Release|Any CPU
		{B46B7968-3548-4659-B1D0-2E70B8124B8A}.Debug|Any CPU.ActiveCfg = Debug|Any CPU
		{B46B7968-3548-4659-B1D0-2E70B8124B8A}.Debug|Any CPU.Build.0 = Debug|Any CPU
		{B46B7968-3548-4659-B1D0-2E70B8124B8A}.Debug|ARM.ActiveCfg = Debug|Any CPU
		{B46B7968-3548-4659-B1D0-2E70B8124B8A}.Debug|ARM.Build.0 = Debug|Any CPU
		{B46B7968-3548-4659-B1D0-2E70B8124B8A}.Debug|x64.ActiveCfg = Debug|Any CPU
		{B46B7968-3548-4659-B1D0-2E70B8124B8A}.Debug|x64.Build.0 = Debug|Any CPU
		{B46B7968-3548-4659-B1D0-2E70B8124B8A}.Debug|x86.ActiveCfg = Debug|Any CPU
		{B46B7968-3548-4659-B1D0-2E70B8124B8A}.Debug|x86.Build.0 = Debug|Any CPU
		{B46B7968-3548-4659-B1D0-2E70B8124B8A}.Release|Any CPU.ActiveCfg = Release|Any CPU
		{B46B7968-3548-4659-B1D0-2E70B8124B8A}.Release|Any CPU.Build.0 = Release|Any CPU
		{B46B7968-3548-4659-B1D0-2E70B8124B8A}.Release|ARM.ActiveCfg = Release|Any CPU
		{B46B7968-3548-4659-B1D0-2E70B8124B8A}.Release|ARM.Build.0 = Release|Any CPU
		{B46B7968-3548-4659-B1D0-2E70B8124B8A}.Release|x64.ActiveCfg = Release|Any CPU
		{B46B7968-3548-4659-B1D0-2E70B8124B8A}.Release|x64.Build.0 = Release|Any CPU
		{B46B7968-3548-4659-B1D0-2E70B8124B8A}.Release|x86.ActiveCfg = Release|Any CPU
		{B46B7968-3548-4659-B1D0-2E70B8124B8A}.Release|x86.Build.0 = Release|Any CPU
		{69E7DE73-D34F-487B-84BA-7C8BDAF8495C}.Debug|Any CPU.ActiveCfg = Debug|Any CPU
		{69E7DE73-D34F-487B-84BA-7C8BDAF8495C}.Debug|Any CPU.Build.0 = Debug|Any CPU
		{69E7DE73-D34F-487B-84BA-7C8BDAF8495C}.Debug|ARM.ActiveCfg = Debug|Any CPU
		{69E7DE73-D34F-487B-84BA-7C8BDAF8495C}.Debug|ARM.Build.0 = Debug|Any CPU
		{69E7DE73-D34F-487B-84BA-7C8BDAF8495C}.Debug|x64.ActiveCfg = Debug|Any CPU
		{69E7DE73-D34F-487B-84BA-7C8BDAF8495C}.Debug|x64.Build.0 = Debug|Any CPU
		{69E7DE73-D34F-487B-84BA-7C8BDAF8495C}.Debug|x86.ActiveCfg = Debug|Any CPU
		{69E7DE73-D34F-487B-84BA-7C8BDAF8495C}.Debug|x86.Build.0 = Debug|Any CPU
		{69E7DE73-D34F-487B-84BA-7C8BDAF8495C}.Release|Any CPU.ActiveCfg = Release|Any CPU
		{69E7DE73-D34F-487B-84BA-7C8BDAF8495C}.Release|Any CPU.Build.0 = Release|Any CPU
		{69E7DE73-D34F-487B-84BA-7C8BDAF8495C}.Release|ARM.ActiveCfg = Release|Any CPU
		{69E7DE73-D34F-487B-84BA-7C8BDAF8495C}.Release|ARM.Build.0 = Release|Any CPU
		{69E7DE73-D34F-487B-84BA-7C8BDAF8495C}.Release|x64.ActiveCfg = Release|Any CPU
		{69E7DE73-D34F-487B-84BA-7C8BDAF8495C}.Release|x64.Build.0 = Release|Any CPU
		{69E7DE73-D34F-487B-84BA-7C8BDAF8495C}.Release|x86.ActiveCfg = Release|Any CPU
		{69E7DE73-D34F-487B-84BA-7C8BDAF8495C}.Release|x86.Build.0 = Release|Any CPU
		{37FE7141-C510-41E9-A6E5-3431241A9028}.Debug|Any CPU.ActiveCfg = Debug|Any CPU
		{37FE7141-C510-41E9-A6E5-3431241A9028}.Debug|Any CPU.Build.0 = Debug|Any CPU
		{37FE7141-C510-41E9-A6E5-3431241A9028}.Debug|ARM.ActiveCfg = Debug|Any CPU
		{37FE7141-C510-41E9-A6E5-3431241A9028}.Debug|ARM.Build.0 = Debug|Any CPU
		{37FE7141-C510-41E9-A6E5-3431241A9028}.Debug|x64.ActiveCfg = Debug|Any CPU
		{37FE7141-C510-41E9-A6E5-3431241A9028}.Debug|x64.Build.0 = Debug|Any CPU
		{37FE7141-C510-41E9-A6E5-3431241A9028}.Debug|x86.ActiveCfg = Debug|Any CPU
		{37FE7141-C510-41E9-A6E5-3431241A9028}.Debug|x86.Build.0 = Debug|Any CPU
		{37FE7141-C510-41E9-A6E5-3431241A9028}.Release|Any CPU.ActiveCfg = Release|Any CPU
		{37FE7141-C510-41E9-A6E5-3431241A9028}.Release|Any CPU.Build.0 = Release|Any CPU
		{37FE7141-C510-41E9-A6E5-3431241A9028}.Release|ARM.ActiveCfg = Release|Any CPU
		{37FE7141-C510-41E9-A6E5-3431241A9028}.Release|ARM.Build.0 = Release|Any CPU
		{37FE7141-C510-41E9-A6E5-3431241A9028}.Release|x64.ActiveCfg = Release|Any CPU
		{37FE7141-C510-41E9-A6E5-3431241A9028}.Release|x64.Build.0 = Release|Any CPU
		{37FE7141-C510-41E9-A6E5-3431241A9028}.Release|x86.ActiveCfg = Release|Any CPU
		{37FE7141-C510-41E9-A6E5-3431241A9028}.Release|x86.Build.0 = Release|Any CPU
		{1A690604-0601-43A1-B9D9-50C03D4FBF08}.Debug|Any CPU.ActiveCfg = Debug|Any CPU
		{1A690604-0601-43A1-B9D9-50C03D4FBF08}.Debug|Any CPU.Build.0 = Debug|Any CPU
		{1A690604-0601-43A1-B9D9-50C03D4FBF08}.Debug|ARM.ActiveCfg = Debug|Any CPU
		{1A690604-0601-43A1-B9D9-50C03D4FBF08}.Debug|ARM.Build.0 = Debug|Any CPU
		{1A690604-0601-43A1-B9D9-50C03D4FBF08}.Debug|x64.ActiveCfg = Debug|Any CPU
		{1A690604-0601-43A1-B9D9-50C03D4FBF08}.Debug|x64.Build.0 = Debug|Any CPU
		{1A690604-0601-43A1-B9D9-50C03D4FBF08}.Debug|x86.ActiveCfg = Debug|Any CPU
		{1A690604-0601-43A1-B9D9-50C03D4FBF08}.Debug|x86.Build.0 = Debug|Any CPU
		{1A690604-0601-43A1-B9D9-50C03D4FBF08}.Release|Any CPU.ActiveCfg = Release|Any CPU
		{1A690604-0601-43A1-B9D9-50C03D4FBF08}.Release|Any CPU.Build.0 = Release|Any CPU
		{1A690604-0601-43A1-B9D9-50C03D4FBF08}.Release|ARM.ActiveCfg = Release|Any CPU
		{1A690604-0601-43A1-B9D9-50C03D4FBF08}.Release|ARM.Build.0 = Release|Any CPU
		{1A690604-0601-43A1-B9D9-50C03D4FBF08}.Release|x64.ActiveCfg = Release|Any CPU
		{1A690604-0601-43A1-B9D9-50C03D4FBF08}.Release|x64.Build.0 = Release|Any CPU
		{1A690604-0601-43A1-B9D9-50C03D4FBF08}.Release|x86.ActiveCfg = Release|Any CPU
		{1A690604-0601-43A1-B9D9-50C03D4FBF08}.Release|x86.Build.0 = Release|Any CPU
	EndGlobalSection
	GlobalSection(SolutionProperties) = preSolution
		HideSolutionNode = FALSE
	EndGlobalSection
	GlobalSection(NestedProjects) = preSolution
		{0AD161EE-2A68-4678-AFFC-F9D6C3B64F91} = {226150FA-BBAC-4749-94B9-B1937070946C}
		{B46B7968-3548-4659-B1D0-2E70B8124B8A} = {226150FA-BBAC-4749-94B9-B1937070946C}
	EndGlobalSection
	GlobalSection(ExtensibilityGlobals) = postSolution
		SolutionGuid = {70D9512E-6D96-4940-A5C9-CFDDCC02B364}
	EndGlobalSection
EndGlobal
